
Microsoft Visual Studio Solution File, Format Version 12.00
# Visual Studio Version 17
VisualStudioVersion = 17.14.36301.6
MinimumVisualStudioVersion = 10.0.40219.1
Project("{FAE04EC0-301F-11D3-BF4B-00C04F79EFBC}") = "Sonicate.GUI", "GUI\Sonicate.GUI.csproj", "{36600325-0560-EFB1-C079-4E957C39FC52}"
EndProject
Project("{FAE04EC0-301F-11D3-BF4B-00C04F79EFBC}") = "Sonicate.GUI.Desktop", "GUI.Desktop\Sonicate.GUI.Desktop.csproj", "{D3E787AD-EB64-8DFD-67BE-8290FA8791AA}"
EndProject
Project("{FAE04EC0-301F-11D3-BF4B-00C04F79EFBC}") = "Sonicate.Core", "Core\Sonicate.Core.csproj", "{52D99FEF-0ACF-439F-8531-654BD3DE1220}"
EndProject
Global
	GlobalSection(SolutionConfigurationPlatforms) = preSolution
		Debug|Any CPU = Debug|Any CPU
		Release|Any CPU = Release|Any CPU
	EndGlobalSection
	GlobalSection(ProjectConfigurationPlatforms) = postSolution
		{36600325-0560-EFB1-C079-4E957C39FC52}.Debug|Any CPU.ActiveCfg = Debug|Any CPU
		{36600325-0560-EFB1-C079-4E957C39FC52}.Debug|Any CPU.Build.0 = Debug|Any CPU
		{36600325-0560-EFB1-C079-4E957C39FC52}.Release|Any CPU.ActiveCfg = Release|Any CPU
		{36600325-0560-EFB1-C079-4E957C39FC52}.Release|Any CPU.Build.0 = Release|Any CPU
		{D3E787AD-EB64-8DFD-67BE-8290FA8791AA}.Debug|Any CPU.ActiveCfg = Debug|Any CPU
		{D3E787AD-EB64-8DFD-67BE-8290FA8791AA}.Debug|Any CPU.Build.0 = Debug|Any CPU
		{D3E787AD-EB64-8DFD-67BE-8290FA8791AA}.Release|Any CPU.ActiveCfg = Release|Any CPU
		{D3E787AD-EB64-8DFD-67BE-8290FA8791AA}.Release|Any CPU.Build.0 = Release|Any CPU
		{52D99FEF-0ACF-439F-8531-654BD3DE1220}.Debug|Any CPU.ActiveCfg = Debug|Any CPU
		{52D99FEF-0ACF-439F-8531-654BD3DE1220}.Debug|Any CPU.Build.0 = Debug|Any CPU
		{52D99FEF-0ACF-439F-8531-654BD3DE1220}.Release|Any CPU.ActiveCfg = Release|Any CPU
		{52D99FEF-0ACF-439F-8531-654BD3DE1220}.Release|Any CPU.Build.0 = Release|Any CPU
	EndGlobalSection
	GlobalSection(SolutionProperties) = preSolution
		HideSolutionNode = FALSE
	EndGlobalSection
	GlobalSection(ExtensibilityGlobals) = postSolution
		SolutionGuid = {EF5B64B1-E645-491C-B285-6E875822787F}
	EndGlobalSection
EndGlobal
